
Microsoft Visual Studio Solution File, Format Version 12.00
# Visual Studio Version 16
VisualStudioVersion = 16.0.30128.74
MinimumVisualStudioVersion = 10.0.40219.1
Project("{FAE04EC0-301F-11D3-BF4B-00C04F79EFBC}") = "Garage System", "Garage System\Garage System.csproj", "{385AA49F-E6F1-492B-9785-FA6DAA75FB7F}"
EndProject
Project("{FAE04EC0-301F-11D3-BF4B-00C04F79EFBC}") = "Garage Logic", "Garage Logic\Garage Logic.csproj", "{5AB9FBE5-7988-49C1-BE07-D764C3513ECC}"
EndProject
Project("{FAE04EC0-301F-11D3-BF4B-00C04F79EFBC}") = "Vehicles Logic", "Vehicles Logic\Vehicles Logic.csproj", "{40BA528B-839A-4080-AFD7-8DFCD67AA070}"
EndProject
Global
	GlobalSection(SolutionConfigurationPlatforms) = preSolution
		Debug|Any CPU = Debug|Any CPU
		Release|Any CPU = Release|Any CPU
	EndGlobalSection
	GlobalSection(ProjectConfigurationPlatforms) = postSolution
		{385AA49F-E6F1-492B-9785-FA6DAA75FB7F}.Debug|Any CPU.ActiveCfg = Debug|Any CPU
		{385AA49F-E6F1-492B-9785-FA6DAA75FB7F}.Debug|Any CPU.Build.0 = Debug|Any CPU
		{385AA49F-E6F1-492B-9785-FA6DAA75FB7F}.Release|Any CPU.ActiveCfg = Release|Any CPU
		{385AA49F-E6F1-492B-9785-FA6DAA75FB7F}.Release|Any CPU.Build.0 = Release|Any CPU
		{5AB9FBE5-7988-49C1-BE07-D764C3513ECC}.Debug|Any CPU.ActiveCfg = Debug|Any CPU
		{5AB9FBE5-7988-49C1-BE07-D764C3513ECC}.Debug|Any CPU.Build.0 = Debug|Any CPU
		{5AB9FBE5-7988-49C1-BE07-D764C3513ECC}.Release|Any CPU.ActiveCfg = Release|Any CPU
		{5AB9FBE5-7988-49C1-BE07-D764C3513ECC}.Release|Any CPU.Build.0 = Release|Any CPU
		{40BA528B-839A-4080-AFD7-8DFCD67AA070}.Debug|Any CPU.ActiveCfg = Debug|Any CPU
		{40BA528B-839A-4080-AFD7-8DFCD67AA070}.Debug|Any CPU.Build.0 = Debug|Any CPU
		{40BA528B-839A-4080-AFD7-8DFCD67AA070}.Release|Any CPU.ActiveCfg = Release|Any CPU
		{40BA528B-839A-4080-AFD7-8DFCD67AA070}.Release|Any CPU.Build.0 = Release|Any CPU
	EndGlobalSection
	GlobalSection(SolutionProperties) = preSolution
		HideSolutionNode = FALSE
	EndGlobalSection
	GlobalSection(ExtensibilityGlobals) = postSolution
		SolutionGuid = {402FC645-34CE-4DE6-B980-6351B04D1FA6}
	EndGlobalSection
EndGlobal
